
Microsoft Visual Studio Solution File, Format Version 12.00
# Visual Studio Version 16
VisualStudioVersion = 16.0.30907.101
MinimumVisualStudioVersion = 10.0.40219.1
Project("{9A19103F-16F7-4668-BE54-9A1E7A4F7556}") = "metotlar", "metotlar.csproj", "{32F0A167-9547-4127-913F-E230B4B049BF}"
EndProject
Project("{9A19103F-16F7-4668-BE54-9A1E7A4F7556}") = "OOP1", "..\OOP1\OOP1.csproj", "{1CA8434C-92D4-4201-A773-7539619150B8}"
EndProject
Project("{FAE04EC0-301F-11D3-BF4B-00C04F79EFBC}") = "Koleksiyonlar", "..\Koleksiyonlar\Koleksiyonlar.csproj", "{0AA7A583-3135-43FD-ABA3-1C23A0A20BFF}"
EndProject
Project("{FAE04EC0-301F-11D3-BF4B-00C04F79EFBC}") = "GenericsIntro", "..\GenericsIntro\GenericsIntro.csproj", "{816DED01-9F34-4FCA-BF95-1DF5AD11EE03}"
EndProject
Global
	GlobalSection(SolutionConfigurationPlatforms) = preSolution
		Debug|Any CPU = Debug|Any CPU
		Release|Any CPU = Release|Any CPU
	EndGlobalSection
	GlobalSection(ProjectConfigurationPlatforms) = postSolution
		{32F0A167-9547-4127-913F-E230B4B049BF}.Debug|Any CPU.ActiveCfg = Debug|Any CPU
		{32F0A167-9547-4127-913F-E230B4B049BF}.Debug|Any CPU.Build.0 = Debug|Any CPU
		{32F0A167-9547-4127-913F-E230B4B049BF}.Release|Any CPU.ActiveCfg = Release|Any CPU
		{32F0A167-9547-4127-913F-E230B4B049BF}.Release|Any CPU.Build.0 = Release|Any CPU
		{1CA8434C-92D4-4201-A773-7539619150B8}.Debug|Any CPU.ActiveCfg = Debug|Any CPU
		{1CA8434C-92D4-4201-A773-7539619150B8}.Debug|Any CPU.Build.0 = Debug|Any CPU
		{1CA8434C-92D4-4201-A773-7539619150B8}.Release|Any CPU.ActiveCfg = Release|Any CPU
		{1CA8434C-92D4-4201-A773-7539619150B8}.Release|Any CPU.Build.0 = Release|Any CPU
		{0AA7A583-3135-43FD-ABA3-1C23A0A20BFF}.Debug|Any CPU.ActiveCfg = Debug|Any CPU
		{0AA7A583-3135-43FD-ABA3-1C23A0A20BFF}.Debug|Any CPU.Build.0 = Debug|Any CPU
		{0AA7A583-3135-43FD-ABA3-1C23A0A20BFF}.Release|Any CPU.ActiveCfg = Release|Any CPU
		{0AA7A583-3135-43FD-ABA3-1C23A0A20BFF}.Release|Any CPU.Build.0 = Release|Any CPU
		{816DED01-9F34-4FCA-BF95-1DF5AD11EE03}.Debug|Any CPU.ActiveCfg = Debug|Any CPU
		{816DED01-9F34-4FCA-BF95-1DF5AD11EE03}.Debug|Any CPU.Build.0 = Debug|Any CPU
		{816DED01-9F34-4FCA-BF95-1DF5AD11EE03}.Release|Any CPU.ActiveCfg = Release|Any CPU
		{816DED01-9F34-4FCA-BF95-1DF5AD11EE03}.Release|Any CPU.Build.0 = Release|Any CPU
	EndGlobalSection
	GlobalSection(SolutionProperties) = preSolution
		HideSolutionNode = FALSE
	EndGlobalSection
	GlobalSection(ExtensibilityGlobals) = postSolution
		SolutionGuid = {902AEABD-FEFE-4674-BFF2-FB2CCF039FD5}
	EndGlobalSection
EndGlobal
